// !$*UTF8*$!
{
	archiveVersion = 1;
	classes = {
	};
	objectVersion = 77;
	objects = {

/* Begin PBXBuildFile section */
		2DBB5DC46607DE8CEC796F6D /* Pods_kobe_appTests.framework in Frameworks */ = {isa = PBXBuildFile; fileRef = F1C7319E9751A5CD8A5A7D0E /* Pods_kobe_appTests.framework */; };
		81BD820177095345F804B7C7 /* Pods_kobe_app_kobe_appUITests.framework in Frameworks */ = {isa = PBXBuildFile; fileRef = B9FD39561CDC10F3F1FB6BBB /* Pods_kobe_app_kobe_appUITests.framework */; };
		DC523E012DF5200E007B89CF /* Roboflow.framework in Frameworks */ = {isa = PBXBuildFile; fileRef = DC523E002DF5200E007B89CF /* Roboflow.framework */; settings = {ATTRIBUTES = (Weak, ); }; };
		DCA312492DF658E70072EE19 /* Pods_kobe_app.framework in Frameworks */ = {isa = PBXBuildFile; fileRef = A27CD92414622144C215E578 /* Pods_kobe_app.framework */; settings = {ATTRIBUTES = (Weak, ); }; };
/* End PBXBuildFile section */

/* Begin PBXContainerItemProxy section */
		DC7A92C62DEBF58B002F77AA /* PBXContainerItemProxy */ = {
			isa = PBXContainerItemProxy;
			containerPortal = DC7A92B02DEBF588002F77AA /* Project object */;
			proxyType = 1;
			remoteGlobalIDString = DC7A92B72DEBF588002F77AA;
			remoteInfo = "kobe-app";
		};
		DC7A92D02DEBF58B002F77AA /* PBXContainerItemProxy */ = {
			isa = PBXContainerItemProxy;
			containerPortal = DC7A92B02DEBF588002F77AA /* Project object */;
			proxyType = 1;
			remoteGlobalIDString = DC7A92B72DEBF588002F77AA;
			remoteInfo = "kobe-app";
		};
/* End PBXContainerItemProxy section */

/* Begin PBXFileReference section */
		08FF999F56EC8660F5D0751C /* Pods-kobe-app.release.xcconfig */ = {isa = PBXFileReference; includeInIndex = 1; lastKnownFileType = text.xcconfig; name = "Pods-kobe-app.release.xcconfig"; path = "Target Support Files/Pods-kobe-app/Pods-kobe-app.release.xcconfig"; sourceTree = "<group>"; };
		131B52FB9D6C90A233042F2F /* Pods-kobe-app-kobe-appUITests.debug.xcconfig */ = {isa = PBXFileReference; includeInIndex = 1; lastKnownFileType = text.xcconfig; name = "Pods-kobe-app-kobe-appUITests.debug.xcconfig"; path = "Target Support Files/Pods-kobe-app-kobe-appUITests/Pods-kobe-app-kobe-appUITests.debug.xcconfig"; sourceTree = "<group>"; };
		1777236AEC45F6232AFDA7D6 /* Pods-kobe-app-kobe-appUITests.release.xcconfig */ = {isa = PBXFileReference; includeInIndex = 1; lastKnownFileType = text.xcconfig; name = "Pods-kobe-app-kobe-appUITests.release.xcconfig"; path = "Target Support Files/Pods-kobe-app-kobe-appUITests/Pods-kobe-app-kobe-appUITests.release.xcconfig"; sourceTree = "<group>"; };
		2C365A4BB46D4D51A5274715 /* Pods-kobe-appTests.debug.xcconfig */ = {isa = PBXFileReference; includeInIndex = 1; lastKnownFileType = text.xcconfig; name = "Pods-kobe-appTests.debug.xcconfig"; path = "Target Support Files/Pods-kobe-appTests/Pods-kobe-appTests.debug.xcconfig"; sourceTree = "<group>"; };
		A27CD92414622144C215E578 /* Pods_kobe_app.framework */ = {isa = PBXFileReference; explicitFileType = wrapper.framework; includeInIndex = 0; path = Pods_kobe_app.framework; sourceTree = BUILT_PRODUCTS_DIR; };
		B9FD39561CDC10F3F1FB6BBB /* Pods_kobe_app_kobe_appUITests.framework */ = {isa = PBXFileReference; explicitFileType = wrapper.framework; includeInIndex = 0; path = Pods_kobe_app_kobe_appUITests.framework; sourceTree = BUILT_PRODUCTS_DIR; };
		C489D107D25CB009AAFFB153 /* Pods-kobe-appTests.release.xcconfig */ = {isa = PBXFileReference; includeInIndex = 1; lastKnownFileType = text.xcconfig; name = "Pods-kobe-appTests.release.xcconfig"; path = "Target Support Files/Pods-kobe-appTests/Pods-kobe-appTests.release.xcconfig"; sourceTree = "<group>"; };
		DC523E002DF5200E007B89CF /* Roboflow.framework */ = {isa = PBXFileReference; explicitFileType = wrapper.framework; path = Roboflow.framework; sourceTree = BUILT_PRODUCTS_DIR; };
		DC7A92B82DEBF588002F77AA /* kobe-app.app */ = {isa = PBXFileReference; explicitFileType = wrapper.application; includeInIndex = 0; path = "kobe-app.app"; sourceTree = BUILT_PRODUCTS_DIR; };
		DC7A92C52DEBF58B002F77AA /* kobe-appTests.xctest */ = {isa = PBXFileReference; explicitFileType = wrapper.cfbundle; includeInIndex = 0; path = "kobe-appTests.xctest"; sourceTree = BUILT_PRODUCTS_DIR; };
		DC7A92CF2DEBF58B002F77AA /* kobe-appUITests.xctest */ = {isa = PBXFileReference; explicitFileType = wrapper.cfbundle; includeInIndex = 0; path = "kobe-appUITests.xctest"; sourceTree = BUILT_PRODUCTS_DIR; };
		E89484A877BF4461B74FDAD0 /* Pods-kobe-app.debug.xcconfig */ = {isa = PBXFileReference; includeInIndex = 1; lastKnownFileType = text.xcconfig; name = "Pods-kobe-app.debug.xcconfig"; path = "Target Support Files/Pods-kobe-app/Pods-kobe-app.debug.xcconfig"; sourceTree = "<group>"; };
		F1C7319E9751A5CD8A5A7D0E /* Pods_kobe_appTests.framework */ = {isa = PBXFileReference; explicitFileType = wrapper.framework; includeInIndex = 0; path = Pods_kobe_appTests.framework; sourceTree = BUILT_PRODUCTS_DIR; };
/* End PBXFileReference section */

/* Begin PBXFileSystemSynchronizedRootGroup section */
		DC7A92BA2DEBF588002F77AA /* kobe-app */ = {
			isa = PBXFileSystemSynchronizedRootGroup;
			exceptions = (
			);
			path = "kobe-app";
			sourceTree = "<group>";
		};
		DC7A92C82DEBF58B002F77AA /* kobe-appTests */ = {
			isa = PBXFileSystemSynchronizedRootGroup;
			exceptions = (
			);
			path = "kobe-appTests";
			sourceTree = "<group>";
		};
		DC7A92D22DEBF58B002F77AA /* kobe-appUITests */ = {
			isa = PBXFileSystemSynchronizedRootGroup;
			exceptions = (
			);
			path = "kobe-appUITests";
			sourceTree = "<group>";
		};
/* End PBXFileSystemSynchronizedRootGroup section */

/* Begin PBXFrameworksBuildPhase section */
		DC7A92B52DEBF588002F77AA /* Frameworks */ = {
			isa = PBXFrameworksBuildPhase;
			buildActionMask = 2147483647;
			files = (
				DCA312492DF658E70072EE19 /* Pods_kobe_app.framework in Frameworks */,
				DC523E012DF5200E007B89CF /* Roboflow.framework in Frameworks */,
			);
			runOnlyForDeploymentPostprocessing = 0;
		};
		DC7A92C22DEBF58B002F77AA /* Frameworks */ = {
			isa = PBXFrameworksBuildPhase;
			buildActionMask = 2147483647;
			files = (
				2DBB5DC46607DE8CEC796F6D /* Pods_kobe_appTests.framework in Frameworks */,
			);
			runOnlyForDeploymentPostprocessing = 0;
		};
		DC7A92CC2DEBF58B002F77AA /* Frameworks */ = {
			isa = PBXFrameworksBuildPhase;
			buildActionMask = 2147483647;
			files = (
				81BD820177095345F804B7C7 /* Pods_kobe_app_kobe_appUITests.framework in Frameworks */,
			);
			runOnlyForDeploymentPostprocessing = 0;
		};
/* End PBXFrameworksBuildPhase section */

/* Begin PBXGroup section */
		18AE00C00BF81B4393D47421 /* Pods */ = {
			isa = PBXGroup;
			children = (
				E89484A877BF4461B74FDAD0 /* Pods-kobe-app.debug.xcconfig */,
				08FF999F56EC8660F5D0751C /* Pods-kobe-app.release.xcconfig */,
				131B52FB9D6C90A233042F2F /* Pods-kobe-app-kobe-appUITests.debug.xcconfig */,
				1777236AEC45F6232AFDA7D6 /* Pods-kobe-app-kobe-appUITests.release.xcconfig */,
				2C365A4BB46D4D51A5274715 /* Pods-kobe-appTests.debug.xcconfig */,
				C489D107D25CB009AAFFB153 /* Pods-kobe-appTests.release.xcconfig */,
			);
			path = Pods;
			sourceTree = "<group>";
		};
		5777312F40F9C88F9FA822B1 /* Frameworks */ = {
			isa = PBXGroup;
			children = (
				DC523E002DF5200E007B89CF /* Roboflow.framework */,
				A27CD92414622144C215E578 /* Pods_kobe_app.framework */,
				B9FD39561CDC10F3F1FB6BBB /* Pods_kobe_app_kobe_appUITests.framework */,
				F1C7319E9751A5CD8A5A7D0E /* Pods_kobe_appTests.framework */,
			);
			name = Frameworks;
			sourceTree = "<group>";
		};
		DC7A92AF2DEBF588002F77AA = {
			isa = PBXGroup;
			children = (
				DC7A92BA2DEBF588002F77AA /* kobe-app */,
				DC7A92C82DEBF58B002F77AA /* kobe-appTests */,
				DC7A92D22DEBF58B002F77AA /* kobe-appUITests */,
				DC7A92B92DEBF588002F77AA /* Products */,
				18AE00C00BF81B4393D47421 /* Pods */,
				5777312F40F9C88F9FA822B1 /* Frameworks */,
			);
			sourceTree = "<group>";
		};
		DC7A92B92DEBF588002F77AA /* Products */ = {
			isa = PBXGroup;
			children = (
				DC7A92B82DEBF588002F77AA /* kobe-app.app */,
				DC7A92C52DEBF58B002F77AA /* kobe-appTests.xctest */,
				DC7A92CF2DEBF58B002F77AA /* kobe-appUITests.xctest */,
			);
			name = Products;
			sourceTree = "<group>";
		};
/* End PBXGroup section */

/* Begin PBXNativeTarget section */
		DC7A92B72DEBF588002F77AA /* kobe-app */ = {
			isa = PBXNativeTarget;
			buildConfigurationList = DC7A92D92DEBF58B002F77AA /* Build configuration list for PBXNativeTarget "kobe-app" */;
			buildPhases = (
				0048B0F447AFEA2A441250BB /* [CP] Check Pods Manifest.lock */,
				DC7A92B42DEBF588002F77AA /* Sources */,
				DC7A92B52DEBF588002F77AA /* Frameworks */,
				DC7A92B62DEBF588002F77AA /* Resources */,
				1D033E84660C9FB440690467 /* [CP] Embed Pods Frameworks */,
			);
			buildRules = (
			);
			dependencies = (
			);
			fileSystemSynchronizedGroups = (
				DC7A92BA2DEBF588002F77AA /* kobe-app */,
			);
			name = "kobe-app";
			productName = "kobe-app";
			productReference = DC7A92B82DEBF588002F77AA /* kobe-app.app */;
			productType = "com.apple.product-type.application";
		};
		DC7A92C42DEBF58B002F77AA /* kobe-appTests */ = {
			isa = PBXNativeTarget;
			buildConfigurationList = DC7A92DC2DEBF58B002F77AA /* Build configuration list for PBXNativeTarget "kobe-appTests" */;
			buildPhases = (
				01F5CD113023F9A6ED03D098 /* [CP] Check Pods Manifest.lock */,
				DC7A92C12DEBF58B002F77AA /* Sources */,
				DC7A92C22DEBF58B002F77AA /* Frameworks */,
				DC7A92C32DEBF58B002F77AA /* Resources */,
			);
			buildRules = (
			);
			dependencies = (
				DC7A92C72DEBF58B002F77AA /* PBXTargetDependency */,
			);
			fileSystemSynchronizedGroups = (
				DC7A92C82DEBF58B002F77AA /* kobe-appTests */,
			);
			name = "kobe-appTests";
			productName = "kobe-appTests";
			productReference = DC7A92C52DEBF58B002F77AA /* kobe-appTests.xctest */;
			productType = "com.apple.product-type.bundle.unit-test";
		};
		DC7A92CE2DEBF58B002F77AA /* kobe-appUITests */ = {
			isa = PBXNativeTarget;
			buildConfigurationList = DC7A92DF2DEBF58B002F77AA /* Build configuration list for PBXNativeTarget "kobe-appUITests" */;
			buildPhases = (
				B527FAD8EB91C5C7CC388A1A /* [CP] Check Pods Manifest.lock */,
				DC7A92CB2DEBF58B002F77AA /* Sources */,
				DC7A92CC2DEBF58B002F77AA /* Frameworks */,
				DC7A92CD2DEBF58B002F77AA /* Resources */,
				32AF4595AC9C58DB3C194A1B /* [CP] Embed Pods Frameworks */,
			);
			buildRules = (
			);
			dependencies = (
				DC7A92D12DEBF58B002F77AA /* PBXTargetDependency */,
			);
			fileSystemSynchronizedGroups = (
				DC7A92D22DEBF58B002F77AA /* kobe-appUITests */,
			);
			name = "kobe-appUITests";
			productName = "kobe-appUITests";
			productReference = DC7A92CF2DEBF58B002F77AA /* kobe-appUITests.xctest */;
			productType = "com.apple.product-type.bundle.ui-testing";
		};
/* End PBXNativeTarget section */

/* Begin PBXProject section */
		DC7A92B02DEBF588002F77AA /* Project object */ = {
			isa = PBXProject;
			attributes = {
				BuildIndependentTargetsInParallel = 1;
				LastSwiftUpdateCheck = 1640;
				LastUpgradeCheck = 1640;
				TargetAttributes = {
					DC7A92B72DEBF588002F77AA = {
						CreatedOnToolsVersion = 16.4;
					};
					DC7A92C42DEBF58B002F77AA = {
						CreatedOnToolsVersion = 16.4;
						TestTargetID = DC7A92B72DEBF588002F77AA;
					};
					DC7A92CE2DEBF58B002F77AA = {
						CreatedOnToolsVersion = 16.4;
						TestTargetID = DC7A92B72DEBF588002F77AA;
					};
				};
			};
			buildConfigurationList = DC7A92B32DEBF588002F77AA /* Build configuration list for PBXProject "kobe-app" */;
			developmentRegion = en;
			hasScannedForEncodings = 0;
			knownRegions = (
				en,
				Base,
			);
			mainGroup = DC7A92AF2DEBF588002F77AA;
			minimizedProjectReferenceProxies = 1;
			preferredProjectObjectVersion = 77;
			productRefGroup = DC7A92B92DEBF588002F77AA /* Products */;
			projectDirPath = "";
			projectRoot = "";
			targets = (
				DC7A92B72DEBF588002F77AA /* kobe-app */,
				DC7A92C42DEBF58B002F77AA /* kobe-appTests */,
				DC7A92CE2DEBF58B002F77AA /* kobe-appUITests */,
			);
		};
/* End PBXProject section */

/* Begin PBXResourcesBuildPhase section */
		DC7A92B62DEBF588002F77AA /* Resources */ = {
			isa = PBXResourcesBuildPhase;
			buildActionMask = 2147483647;
			files = (
			);
			runOnlyForDeploymentPostprocessing = 0;
		};
		DC7A92C32DEBF58B002F77AA /* Resources */ = {
			isa = PBXResourcesBuildPhase;
			buildActionMask = 2147483647;
			files = (
			);
			runOnlyForDeploymentPostprocessing = 0;
		};
		DC7A92CD2DEBF58B002F77AA /* Resources */ = {
			isa = PBXResourcesBuildPhase;
			buildActionMask = 2147483647;
			files = (
			);
			runOnlyForDeploymentPostprocessing = 0;
		};
/* End PBXResourcesBuildPhase section */

/* Begin PBXShellScriptBuildPhase section */
		0048B0F447AFEA2A441250BB /* [CP] Check Pods Manifest.lock */ = {
			isa = PBXShellScriptBuildPhase;
			buildActionMask = 2147483647;
			files = (
			);
			inputFileListPaths = (
			);
			inputPaths = (
				"${PODS_PODFILE_DIR_PATH}/Podfile.lock",
				"${PODS_ROOT}/Manifest.lock",
			);
			name = "[CP] Check Pods Manifest.lock";
			outputFileListPaths = (
			);
			outputPaths = (
				"$(DERIVED_FILE_DIR)/Pods-kobe-app-checkManifestLockResult.txt",
			);
			runOnlyForDeploymentPostprocessing = 0;
			shellPath = /bin/sh;
			shellScript = "diff \"${PODS_PODFILE_DIR_PATH}/Podfile.lock\" \"${PODS_ROOT}/Manifest.lock\" > /dev/null\nif [ $? != 0 ] ; then\n    # print error to STDERR\n    echo \"error: The sandbox is not in sync with the Podfile.lock. Run 'pod install' or update your CocoaPods installation.\" >&2\n    exit 1\nfi\n# This output is used by Xcode 'outputs' to avoid re-running this script phase.\necho \"SUCCESS\" > \"${SCRIPT_OUTPUT_FILE_0}\"\n";
			showEnvVarsInLog = 0;
		};
		01F5CD113023F9A6ED03D098 /* [CP] Check Pods Manifest.lock */ = {
			isa = PBXShellScriptBuildPhase;
			buildActionMask = 2147483647;
			files = (
			);
			inputFileListPaths = (
			);
			inputPaths = (
				"${PODS_PODFILE_DIR_PATH}/Podfile.lock",
				"${PODS_ROOT}/Manifest.lock",
			);
			name = "[CP] Check Pods Manifest.lock";
			outputFileListPaths = (
			);
			outputPaths = (
				"$(DERIVED_FILE_DIR)/Pods-kobe-appTests-checkManifestLockResult.txt",
			);
			runOnlyForDeploymentPostprocessing = 0;
			shellPath = /bin/sh;
			shellScript = "diff \"${PODS_PODFILE_DIR_PATH}/Podfile.lock\" \"${PODS_ROOT}/Manifest.lock\" > /dev/null\nif [ $? != 0 ] ; then\n    # print error to STDERR\n    echo \"error: The sandbox is not in sync with the Podfile.lock. Run 'pod install' or update your CocoaPods installation.\" >&2\n    exit 1\nfi\n# This output is used by Xcode 'outputs' to avoid re-running this script phase.\necho \"SUCCESS\" > \"${SCRIPT_OUTPUT_FILE_0}\"\n";
			showEnvVarsInLog = 0;
		};
		1D033E84660C9FB440690467 /* [CP] Embed Pods Frameworks */ = {
			isa = PBXShellScriptBuildPhase;
			buildActionMask = 2147483647;
			files = (
			);
			inputFileListPaths = (
				"${PODS_ROOT}/Target Support Files/Pods-kobe-app/Pods-kobe-app-frameworks-${CONFIGURATION}-input-files.xcfilelist",
			);
			name = "[CP] Embed Pods Frameworks";
			outputFileListPaths = (
				"${PODS_ROOT}/Target Support Files/Pods-kobe-app/Pods-kobe-app-frameworks-${CONFIGURATION}-output-files.xcfilelist",
			);
			runOnlyForDeploymentPostprocessing = 0;
			shellPath = /bin/sh;
			shellScript = "\"${PODS_ROOT}/Target Support Files/Pods-kobe-app/Pods-kobe-app-frameworks.sh\"\n";
			showEnvVarsInLog = 0;
		};
		32AF4595AC9C58DB3C194A1B /* [CP] Embed Pods Frameworks */ = {
			isa = PBXShellScriptBuildPhase;
			buildActionMask = 2147483647;
			files = (
			);
			inputFileListPaths = (
				"${PODS_ROOT}/Target Support Files/Pods-kobe-app-kobe-appUITests/Pods-kobe-app-kobe-appUITests-frameworks-${CONFIGURATION}-input-files.xcfilelist",
			);
			name = "[CP] Embed Pods Frameworks";
			outputFileListPaths = (
				"${PODS_ROOT}/Target Support Files/Pods-kobe-app-kobe-appUITests/Pods-kobe-app-kobe-appUITests-frameworks-${CONFIGURATION}-output-files.xcfilelist",
			);
			runOnlyForDeploymentPostprocessing = 0;
			shellPath = /bin/sh;
			shellScript = "\"${PODS_ROOT}/Target Support Files/Pods-kobe-app-kobe-appUITests/Pods-kobe-app-kobe-appUITests-frameworks.sh\"\n";
			showEnvVarsInLog = 0;
		};
		B527FAD8EB91C5C7CC388A1A /* [CP] Check Pods Manifest.lock */ = {
			isa = PBXShellScriptBuildPhase;
			buildActionMask = 2147483647;
			files = (
			);
			inputFileListPaths = (
			);
			inputPaths = (
				"${PODS_PODFILE_DIR_PATH}/Podfile.lock",
				"${PODS_ROOT}/Manifest.lock",
			);
			name = "[CP] Check Pods Manifest.lock";
			outputFileListPaths = (
			);
			outputPaths = (
				"$(DERIVED_FILE_DIR)/Pods-kobe-app-kobe-appUITests-checkManifestLockResult.txt",
			);
			runOnlyForDeploymentPostprocessing = 0;
			shellPath = /bin/sh;
			shellScript = "diff \"${PODS_PODFILE_DIR_PATH}/Podfile.lock\" \"${PODS_ROOT}/Manifest.lock\" > /dev/null\nif [ $? != 0 ] ; then\n    # print error to STDERR\n    echo \"error: The sandbox is not in sync with the Podfile.lock. Run 'pod install' or update your CocoaPods installation.\" >&2\n    exit 1\nfi\n# This output is used by Xcode 'outputs' to avoid re-running this script phase.\necho \"SUCCESS\" > \"${SCRIPT_OUTPUT_FILE_0}\"\n";
			showEnvVarsInLog = 0;
		};
/* End PBXShellScriptBuildPhase section */

/* Begin PBXSourcesBuildPhase section */
		DC7A92B42DEBF588002F77AA /* Sources */ = {
			isa = PBXSourcesBuildPhase;
			buildActionMask = 2147483647;
			files = (
			);
			runOnlyForDeploymentPostprocessing = 0;
		};
		DC7A92C12DEBF58B002F77AA /* Sources */ = {
			isa = PBXSourcesBuildPhase;
			buildActionMask = 2147483647;
			files = (
			);
			runOnlyForDeploymentPostprocessing = 0;
		};
		DC7A92CB2DEBF58B002F77AA /* Sources */ = {
			isa = PBXSourcesBuildPhase;
			buildActionMask = 2147483647;
			files = (
			);
			runOnlyForDeploymentPostprocessing = 0;
		};
/* End PBXSourcesBuildPhase section */

/* Begin PBXTargetDependency section */
		DC7A92C72DEBF58B002F77AA /* PBXTargetDependency */ = {
			isa = PBXTargetDependency;
			target = DC7A92B72DEBF588002F77AA /* kobe-app */;
			targetProxy = DC7A92C62DEBF58B002F77AA /* PBXContainerItemProxy */;
		};
		DC7A92D12DEBF58B002F77AA /* PBXTargetDependency */ = {
			isa = PBXTargetDependency;
			target = DC7A92B72DEBF588002F77AA /* kobe-app */;
			targetProxy = DC7A92D02DEBF58B002F77AA /* PBXContainerItemProxy */;
		};
/* End PBXTargetDependency section */

/* Begin XCBuildConfiguration section */
		DC7A92D72DEBF58B002F77AA /* Debug */ = {
			isa = XCBuildConfiguration;
			buildSettings = {
				ALWAYS_SEARCH_USER_PATHS = NO;
				ASSETCATALOG_COMPILER_GENERATE_SWIFT_ASSET_SYMBOL_EXTENSIONS = YES;
				CLANG_ANALYZER_NONNULL = YES;
				CLANG_ANALYZER_NUMBER_OBJECT_CONVERSION = YES_AGGRESSIVE;
				CLANG_CXX_LANGUAGE_STANDARD = "gnu++20";
				CLANG_ENABLE_MODULES = YES;
				CLANG_ENABLE_OBJC_ARC = YES;
				CLANG_ENABLE_OBJC_WEAK = YES;
				CLANG_WARN_BLOCK_CAPTURE_AUTORELEASING = YES;
				CLANG_WARN_BOOL_CONVERSION = YES;
				CLANG_WARN_COMMA = YES;
				CLANG_WARN_CONSTANT_CONVERSION = YES;
				CLANG_WARN_DEPRECATED_OBJC_IMPLEMENTATIONS = YES;
				CLANG_WARN_DIRECT_OBJC_ISA_USAGE = YES_ERROR;
				CLANG_WARN_DOCUMENTATION_COMMENTS = YES;
				CLANG_WARN_EMPTY_BODY = YES;
				CLANG_WARN_ENUM_CONVERSION = YES;
				CLANG_WARN_INFINITE_RECURSION = YES;
				CLANG_WARN_INT_CONVERSION = YES;
				CLANG_WARN_NON_LITERAL_NULL_CONVERSION = YES;
				CLANG_WARN_OBJC_IMPLICIT_RETAIN_SELF = YES;
				CLANG_WARN_OBJC_LITERAL_CONVERSION = YES;
				CLANG_WARN_OBJC_ROOT_CLASS = YES_ERROR;
				CLANG_WARN_QUOTED_INCLUDE_IN_FRAMEWORK_HEADER = YES;
				CLANG_WARN_RANGE_LOOP_ANALYSIS = YES;
				CLANG_WARN_STRICT_PROTOTYPES = YES;
				CLANG_WARN_SUSPICIOUS_MOVE = YES;
				CLANG_WARN_UNGUARDED_AVAILABILITY = YES_AGGRESSIVE;
				CLANG_WARN_UNREACHABLE_CODE = YES;
				CLANG_WARN__DUPLICATE_METHOD_MATCH = YES;
				COPY_PHASE_STRIP = NO;
				DEBUG_INFORMATION_FORMAT = dwarf;
				DEVELOPMENT_TEAM = 9T86YSP3ZL;
				ENABLE_STRICT_OBJC_MSGSEND = YES;
				ENABLE_TESTABILITY = YES;
				ENABLE_USER_SCRIPT_SANDBOXING = NO;
				GCC_C_LANGUAGE_STANDARD = gnu17;
				GCC_DYNAMIC_NO_PIC = NO;
				GCC_NO_COMMON_BLOCKS = YES;
				GCC_OPTIMIZATION_LEVEL = 0;
				GCC_PREPROCESSOR_DEFINITIONS = (
					"DEBUG=1",
					"$(inherited)",
				);
				GCC_WARN_64_TO_32_BIT_CONVERSION = YES;
				GCC_WARN_ABOUT_RETURN_TYPE = YES_ERROR;
				GCC_WARN_UNDECLARED_SELECTOR = YES;
				GCC_WARN_UNINITIALIZED_AUTOS = YES_AGGRESSIVE;
				GCC_WARN_UNUSED_FUNCTION = YES;
				GCC_WARN_UNUSED_VARIABLE = YES;
				IPHONEOS_DEPLOYMENT_TARGET = 18.5;
				LOCALIZATION_PREFERS_STRING_CATALOGS = YES;
				MTL_ENABLE_DEBUG_INFO = INCLUDE_SOURCE;
				MTL_FAST_MATH = YES;
				ONLY_ACTIVE_ARCH = YES;
				SDKROOT = iphoneos;
				SWIFT_ACTIVE_COMPILATION_CONDITIONS = "DEBUG $(inherited)";
				SWIFT_OPTIMIZATION_LEVEL = "-Onone";
			};
			name = Debug;
		};
		DC7A92D82DEBF58B002F77AA /* Release */ = {
			isa = XCBuildConfiguration;
			buildSettings = {
				ALWAYS_SEARCH_USER_PATHS = NO;
				ASSETCATALOG_COMPILER_GENERATE_SWIFT_ASSET_SYMBOL_EXTENSIONS = YES;
				CLANG_ANALYZER_NONNULL = YES;
				CLANG_ANALYZER_NUMBER_OBJECT_CONVERSION = YES_AGGRESSIVE;
				CLANG_CXX_LANGUAGE_STANDARD = "gnu++20";
				CLANG_ENABLE_MODULES = YES;
				CLANG_ENABLE_OBJC_ARC = YES;
				CLANG_ENABLE_OBJC_WEAK = YES;
				CLANG_WARN_BLOCK_CAPTURE_AUTORELEASING = YES;
				CLANG_WARN_BOOL_CONVERSION = YES;
				CLANG_WARN_COMMA = YES;
				CLANG_WARN_CONSTANT_CONVERSION = YES;
				CLANG_WARN_DEPRECATED_OBJC_IMPLEMENTATIONS = YES;
				CLANG_WARN_DIRECT_OBJC_ISA_USAGE = YES_ERROR;
				CLANG_WARN_DOCUMENTATION_COMMENTS = YES;
				CLANG_WARN_EMPTY_BODY = YES;
				CLANG_WARN_ENUM_CONVERSION = YES;
				CLANG_WARN_INFINITE_RECURSION = YES;
				CLANG_WARN_INT_CONVERSION = YES;
				CLANG_WARN_NON_LITERAL_NULL_CONVERSION = YES;
				CLANG_WARN_OBJC_IMPLICIT_RETAIN_SELF = YES;
				CLANG_WARN_OBJC_LITERAL_CONVERSION = YES;
				CLANG_WARN_OBJC_ROOT_CLASS = YES_ERROR;
				CLANG_WARN_QUOTED_INCLUDE_IN_FRAMEWORK_HEADER = YES;
				CLANG_WARN_RANGE_LOOP_ANALYSIS = YES;
				CLANG_WARN_STRICT_PROTOTYPES = YES;
				CLANG_WARN_SUSPICIOUS_MOVE = YES;
				CLANG_WARN_UNGUARDED_AVAILABILITY = YES_AGGRESSIVE;
				CLANG_WARN_UNREACHABLE_CODE = YES;
				CLANG_WARN__DUPLICATE_METHOD_MATCH = YES;
				COPY_PHASE_STRIP = NO;
				DEBUG_INFORMATION_FORMAT = "dwarf-with-dsym";
				DEVELOPMENT_TEAM = 9T86YSP3ZL;
				ENABLE_NS_ASSERTIONS = NO;
				ENABLE_STRICT_OBJC_MSGSEND = YES;
				ENABLE_USER_SCRIPT_SANDBOXING = NO;
				GCC_C_LANGUAGE_STANDARD = gnu17;
				GCC_NO_COMMON_BLOCKS = YES;
				GCC_WARN_64_TO_32_BIT_CONVERSION = YES;
				GCC_WARN_ABOUT_RETURN_TYPE = YES_ERROR;
				GCC_WARN_UNDECLARED_SELECTOR = YES;
				GCC_WARN_UNINITIALIZED_AUTOS = YES_AGGRESSIVE;
				GCC_WARN_UNUSED_FUNCTION = YES;
				GCC_WARN_UNUSED_VARIABLE = YES;
				IPHONEOS_DEPLOYMENT_TARGET = 18.5;
				LOCALIZATION_PREFERS_STRING_CATALOGS = YES;
				MTL_ENABLE_DEBUG_INFO = NO;
				MTL_FAST_MATH = YES;
				SDKROOT = iphoneos;
				SWIFT_COMPILATION_MODE = wholemodule;
				VALIDATE_PRODUCT = YES;
			};
			name = Release;
		};
		DC7A92DA2DEBF58B002F77AA /* Debug */ = {
			isa = XCBuildConfiguration;
			baseConfigurationReference = E89484A877BF4461B74FDAD0 /* Pods-kobe-app.debug.xcconfig */;
			buildSettings = {
				ASSETCATALOG_COMPILER_APPICON_NAME = AppIcon;
				ASSETCATALOG_COMPILER_GLOBAL_ACCENT_COLOR_NAME = AccentColor;
				CODE_SIGN_STYLE = Automatic;
				CURRENT_PROJECT_VERSION = 1;
				DEVELOPMENT_TEAM = 9T86YSP3ZL;
				ENABLE_PREVIEWS = YES;
				GENERATE_INFOPLIST_FILE = YES;
				INFOPLIST_KEY_LSApplicationCategoryType = "";
				INFOPLIST_KEY_NSCameraUsageDescription = "This app uses the camera to analyze your basketball shooting form.";
				INFOPLIST_KEY_UIApplicationSceneManifest_Generation = YES;
				INFOPLIST_KEY_UIApplicationSupportsIndirectInputEvents = YES;
				INFOPLIST_KEY_UILaunchScreen_Generation = YES;
				INFOPLIST_KEY_UISupportedInterfaceOrientations_iPad = "UIInterfaceOrientationPortrait UIInterfaceOrientationPortraitUpsideDown UIInterfaceOrientationLandscapeLeft UIInterfaceOrientationLandscapeRight";
				INFOPLIST_KEY_UISupportedInterfaceOrientations_iPhone = "UIInterfaceOrientationPortrait UIInterfaceOrientationLandscapeLeft UIInterfaceOrientationLandscapeRight";
				LD_RUNPATH_SEARCH_PATHS = (
					"$(inherited)",
					"@executable_path/Frameworks",
				);
				MARKETING_VERSION = 1.0;
				PRODUCT_BUNDLE_IDENTIFIER = "michaelpaglia.kobe-app";
				PRODUCT_NAME = "$(TARGET_NAME)";
				SWIFT_EMIT_LOC_STRINGS = YES;
				SWIFT_VERSION = 5.0;
				TARGETED_DEVICE_FAMILY = "1,2";
			};
			name = Debug;
		};
		DC7A92DB2DEBF58B002F77AA /* Release */ = {
			isa = XCBuildConfiguration;
			baseConfigurationReference = 08FF999F56EC8660F5D0751C /* Pods-kobe-app.release.xcconfig */;
			buildSettings = {
				ASSETCATALOG_COMPILER_APPICON_NAME = AppIcon;
				ASSETCATALOG_COMPILER_GLOBAL_ACCENT_COLOR_NAME = AccentColor;
				CODE_SIGN_STYLE = Automatic;
				CURRENT_PROJECT_VERSION = 1;
				DEVELOPMENT_TEAM = 9T86YSP3ZL;
				ENABLE_PREVIEWS = YES;
				GENERATE_INFOPLIST_FILE = YES;
				INFOPLIST_KEY_LSApplicationCategoryType = "";
				INFOPLIST_KEY_NSCameraUsageDescription = "This app uses the camera to analyze your basketball shooting form.";
				INFOPLIST_KEY_UIApplicationSceneManifest_Generation = YES;
				INFOPLIST_KEY_UIApplicationSupportsIndirectInputEvents = YES;
				INFOPLIST_KEY_UILaunchScreen_Generation = YES;
				INFOPLIST_KEY_UISupportedInterfaceOrientations_iPad = "UIInterfaceOrientationPortrait UIInterfaceOrientationPortraitUpsideDown UIInterfaceOrientationLandscapeLeft UIInterfaceOrientationLandscapeRight";
				INFOPLIST_KEY_UISupportedInterfaceOrientations_iPhone = "UIInterfaceOrientationPortrait UIInterfaceOrientationLandscapeLeft UIInterfaceOrientationLandscapeRight";
				LD_RUNPATH_SEARCH_PATHS = (
					"$(inherited)",
					"@executable_path/Frameworks",
				);
				MARKETING_VERSION = 1.0;
				PRODUCT_BUNDLE_IDENTIFIER = "michaelpaglia.kobe-app";
				PRODUCT_NAME = "$(TARGET_NAME)";
				SWIFT_EMIT_LOC_STRINGS = YES;
				SWIFT_VERSION = 5.0;
				TARGETED_DEVICE_FAMILY = "1,2";
			};
			name = Release;
		};
		DC7A92DD2DEBF58B002F77AA /* Debug */ = {
			isa = XCBuildConfiguration;
			baseConfigurationReference = 2C365A4BB46D4D51A5274715 /* Pods-kobe-appTests.debug.xcconfig */;
			buildSettings = {
				BUNDLE_LOADER = "$(TEST_HOST)";
				CODE_SIGN_STYLE = Automatic;
				CURRENT_PROJECT_VERSION = 1;
				DEVELOPMENT_TEAM = 9T86YSP3ZL;
				GENERATE_INFOPLIST_FILE = YES;
				IPHONEOS_DEPLOYMENT_TARGET = 18.5;
				MARKETING_VERSION = 1.0;
				PRODUCT_BUNDLE_IDENTIFIER = "michaelpaglia.kobe-appTests";
				PRODUCT_NAME = "$(TARGET_NAME)";
				SWIFT_EMIT_LOC_STRINGS = NO;
				SWIFT_VERSION = 5.0;
				TARGETED_DEVICE_FAMILY = "1,2";
				TEST_HOST = "$(BUILT_PRODUCTS_DIR)/kobe-app.app/$(BUNDLE_EXECUTABLE_FOLDER_PATH)/kobe-app";
			};
			name = Debug;
		};
		DC7A92DE2DEBF58B002F77AA /* Release */ = {
			isa = XCBuildConfiguration;
			baseConfigurationReference = C489D107D25CB009AAFFB153 /* Pods-kobe-appTests.release.xcconfig */;
			buildSettings = {
				BUNDLE_LOADER = "$(TEST_HOST)";
				CODE_SIGN_STYLE = Automatic;
				CURRENT_PROJECT_VERSION = 1;
				DEVELOPMENT_TEAM = 9T86YSP3ZL;
				GENERATE_INFOPLIST_FILE = YES;
				IPHONEOS_DEPLOYMENT_TARGET = 18.5;
				MARKETING_VERSION = 1.0;
				PRODUCT_BUNDLE_IDENTIFIER = "michaelpaglia.kobe-appTests";
				PRODUCT_NAME = "$(TARGET_NAME)";
				SWIFT_EMIT_LOC_STRINGS = NO;
				SWIFT_VERSION = 5.0;
				TARGETED_DEVICE_FAMILY = "1,2";
				TEST_HOST = "$(BUILT_PRODUCTS_DIR)/kobe-app.app/$(BUNDLE_EXECUTABLE_FOLDER_PATH)/kobe-app";
			};
			name = Release;
		};
		DC7A92E02DEBF58B002F77AA /* Debug */ = {
			isa = XCBuildConfiguration;
			baseConfigurationReference = 131B52FB9D6C90A233042F2F /* Pods-kobe-app-kobe-appUITests.debug.xcconfig */;
			buildSettings = {
				CODE_SIGN_STYLE = Automatic;
				CURRENT_PROJECT_VERSION = 1;
				DEVELOPMENT_TEAM = 9T86YSP3ZL;
				GENERATE_INFOPLIST_FILE = YES;
				MARKETING_VERSION = 1.0;
				PRODUCT_BUNDLE_IDENTIFIER = "michaelpaglia.kobe-appUITests";
				PRODUCT_NAME = "$(TARGET_NAME)";
				SWIFT_EMIT_LOC_STRINGS = NO;
				SWIFT_VERSION = 5.0;
				TARGETED_DEVICE_FAMILY = "1,2";
				TEST_TARGET_NAME = "kobe-app";
			};
			name = Debug;
		};
		DC7A92E12DEBF58B002F77AA /* Release */ = {
			isa = XCBuildConfiguration;
			baseConfigurationReference = 1777236AEC45F6232AFDA7D6 /* Pods-kobe-app-kobe-appUITests.release.xcconfig */;
			buildSettings = {
				CODE_SIGN_STYLE = Automatic;
				CURRENT_PROJECT_VERSION = 1;
				DEVELOPMENT_TEAM = 9T86YSP3ZL;
				GENERATE_INFOPLIST_FILE = YES;
				MARKETING_VERSION = 1.0;
				PRODUCT_BUNDLE_IDENTIFIER = "michaelpaglia.kobe-appUITests";
				PRODUCT_NAME = "$(TARGET_NAME)";
				SWIFT_EMIT_LOC_STRINGS = NO;
				SWIFT_VERSION = 5.0;
				TARGETED_DEVICE_FAMILY = "1,2";
				TEST_TARGET_NAME = "kobe-app";
			};
			name = Release;
		};
/* End XCBuildConfiguration section */

/* Begin XCConfigurationList section */
		DC7A92B32DEBF588002F77AA /* Build configuration list for PBXProject "kobe-app" */ = {
			isa = XCConfigurationList;
			buildConfigurations = (
				DC7A92D72DEBF58B002F77AA /* Debug */,
				DC7A92D82DEBF58B002F77AA /* Release */,
			);
			defaultConfigurationIsVisible = 0;
			defaultConfigurationName = Release;
		};
		DC7A92D92DEBF58B002F77AA /* Build configuration list for PBXNativeTarget "kobe-app" */ = {
			isa = XCConfigurationList;
			buildConfigurations = (
				DC7A92DA2DEBF58B002F77AA /* Debug */,
				DC7A92DB2DEBF58B002F77AA /* Release */,
			);
			defaultConfigurationIsVisible = 0;
			defaultConfigurationName = Release;
		};
		DC7A92DC2DEBF58B002F77AA /* Build configuration list for PBXNativeTarget "kobe-appTests" */ = {
			isa = XCConfigurationList;
			buildConfigurations = (
				DC7A92DD2DEBF58B002F77AA /* Debug */,
				DC7A92DE2DEBF58B002F77AA /* Release */,
			);
			defaultConfigurationIsVisible = 0;
			defaultConfigurationName = Release;
		};
		DC7A92DF2DEBF58B002F77AA /* Build configuration list for PBXNativeTarget "kobe-appUITests" */ = {
			isa = XCConfigurationList;
			buildConfigurations = (
				DC7A92E02DEBF58B002F77AA /* Debug */,
				DC7A92E12DEBF58B002F77AA /* Release */,
			);
			defaultConfigurationIsVisible = 0;
			defaultConfigurationName = Release;
		};
/* End XCConfigurationList section */
	};
	rootObject = DC7A92B02DEBF588002F77AA /* Project object */;
}
